// !$*UTF8*$!
{
	archiveVersion = 1;
	classes = {
	};
	objectVersion = 46;
	objects = {

/* Begin PBXBuildFile section */
		BE119B7F1A067E0500D0FAD8 /* SystemConfiguration.framework in Frameworks */ = {isa = PBXBuildFile; fileRef = BE119B7E1A067E0500D0FAD8 /* SystemConfiguration.framework */; };
		BE8674D61A063CB100F94C58 /* AppDelegate.swift in Sources */ = {isa = PBXBuildFile; fileRef = BE8674D51A063CB100F94C58 /* AppDelegate.swift */; };
		BE8674D81A063CB100F94C58 /* ViewController.swift in Sources */ = {isa = PBXBuildFile; fileRef = BE8674D71A063CB100F94C58 /* ViewController.swift */; };
		BE8674DB1A063CB100F94C58 /* Main.storyboard in Resources */ = {isa = PBXBuildFile; fileRef = BE8674D91A063CB100F94C58 /* Main.storyboard */; };
		BE8674DD1A063CB100F94C58 /* Images.xcassets in Resources */ = {isa = PBXBuildFile; fileRef = BE8674DC1A063CB100F94C58 /* Images.xcassets */; };
		BE8674E01A063CB100F94C58 /* LaunchScreen.xib in Resources */ = {isa = PBXBuildFile; fileRef = BE8674DE1A063CB100F94C58 /* LaunchScreen.xib */; };
		BE8674EC1A063CB200F94C58 /* urlHandlerSwiftTests.swift in Sources */ = {isa = PBXBuildFile; fileRef = BE8674EB1A063CB200F94C58 /* urlHandlerSwiftTests.swift */; };
		BE8674F61A063CCF00F94C58 /* UrlHandler.swift in Sources */ = {isa = PBXBuildFile; fileRef = BE8674F51A063CCF00F94C58 /* UrlHandler.swift */; };
/* End PBXBuildFile section */

/* Begin PBXContainerItemProxy section */
		BE8674E61A063CB200F94C58 /* PBXContainerItemProxy */ = {
			isa = PBXContainerItemProxy;
			containerPortal = BE8674C81A063CB100F94C58 /* Project object */;
			proxyType = 1;
			remoteGlobalIDString = BE8674CF1A063CB100F94C58;
			remoteInfo = urlHandlerSwift;
		};
/* End PBXContainerItemProxy section */

/* Begin PBXFileReference section */
		BE119B7E1A067E0500D0FAD8 /* SystemConfiguration.framework */ = {isa = PBXFileReference; lastKnownFileType = wrapper.framework; name = SystemConfiguration.framework; path = System/Library/Frameworks/SystemConfiguration.framework; sourceTree = SDKROOT; };
		BE8674D01A063CB100F94C58 /* urlHandlerSwift.app */ = {isa = PBXFileReference; explicitFileType = wrapper.application; includeInIndex = 0; path = urlHandlerSwift.app; sourceTree = BUILT_PRODUCTS_DIR; };
		BE8674D41A063CB100F94C58 /* Info.plist */ = {isa = PBXFileReference; lastKnownFileType = text.plist.xml; path = Info.plist; sourceTree = "<group>"; };
		BE8674D51A063CB100F94C58 /* AppDelegate.swift */ = {isa = PBXFileReference; lastKnownFileType = sourcecode.swift; path = AppDelegate.swift; sourceTree = "<group>"; };
		BE8674D71A063CB100F94C58 /* ViewController.swift */ = {isa = PBXFileReference; lastKnownFileType = sourcecode.swift; path = ViewController.swift; sourceTree = "<group>"; };
		BE8674DA1A063CB100F94C58 /* Base */ = {isa = PBXFileReference; lastKnownFileType = file.storyboard; name = Base; path = Base.lproj/Main.storyboard; sourceTree = "<group>"; };
		BE8674DC1A063CB100F94C58 /* Images.xcassets */ = {isa = PBXFileReference; lastKnownFileType = folder.assetcatalog; path = Images.xcassets; sourceTree = "<group>"; };
		BE8674DF1A063CB100F94C58 /* Base */ = {isa = PBXFileReference; lastKnownFileType = file.xib; name = Base; path = Base.lproj/LaunchScreen.xib; sourceTree = "<group>"; };
		BE8674E51A063CB200F94C58 /* urlHandlerSwiftTests.xctest */ = {isa = PBXFileReference; explicitFileType = wrapper.cfbundle; includeInIndex = 0; path = urlHandlerSwiftTests.xctest; sourceTree = BUILT_PRODUCTS_DIR; };
		BE8674EA1A063CB200F94C58 /* Info.plist */ = {isa = PBXFileReference; lastKnownFileType = text.plist.xml; path = Info.plist; sourceTree = "<group>"; };
		BE8674EB1A063CB200F94C58 /* urlHandlerSwiftTests.swift */ = {isa = PBXFileReference; lastKnownFileType = sourcecode.swift; path = urlHandlerSwiftTests.swift; sourceTree = "<group>"; };
		BE8674F51A063CCF00F94C58 /* UrlHandler.swift */ = {isa = PBXFileReference; fileEncoding = 4; lastKnownFileType = sourcecode.swift; path = UrlHandler.swift; sourceTree = "<group>"; };
/* End PBXFileReference section */

/* Begin PBXFrameworksBuildPhase section */
		BE8674CD1A063CB100F94C58 /* Frameworks */ = {
			isa = PBXFrameworksBuildPhase;
			buildActionMask = 2147483647;
			files = (
				BE119B7F1A067E0500D0FAD8 /* SystemConfiguration.framework in Frameworks */,
			);
			runOnlyForDeploymentPostprocessing = 0;
		};
		BE8674E21A063CB200F94C58 /* Frameworks */ = {
			isa = PBXFrameworksBuildPhase;
			buildActionMask = 2147483647;
			files = (
			);
			runOnlyForDeploymentPostprocessing = 0;
		};
/* End PBXFrameworksBuildPhase section */

/* Begin PBXGroup section */
		BE8674C71A063CB100F94C58 = {
			isa = PBXGroup;
			children = (
				BE8674D21A063CB100F94C58 /* urlHandlerSwift */,
				BE8674E81A063CB200F94C58 /* urlHandlerSwiftTests */,
				BE8674D11A063CB100F94C58 /* Products */,
			);
			sourceTree = "<group>";
		};
		BE8674D11A063CB100F94C58 /* Products */ = {
			isa = PBXGroup;
			children = (
				BE8674D01A063CB100F94C58 /* urlHandlerSwift.app */,
				BE8674E51A063CB200F94C58 /* urlHandlerSwiftTests.xctest */,
			);
			name = Products;
			sourceTree = "<group>";
		};
		BE8674D21A063CB100F94C58 /* urlHandlerSwift */ = {
			isa = PBXGroup;
			children = (
				BE8674D51A063CB100F94C58 /* AppDelegate.swift */,
				BE8674D71A063CB100F94C58 /* ViewController.swift */,
				BE8674F51A063CCF00F94C58 /* UrlHandler.swift */,
				BE8674D91A063CB100F94C58 /* Main.storyboard */,
				BE8674DC1A063CB100F94C58 /* Images.xcassets */,
				BE8674DE1A063CB100F94C58 /* LaunchScreen.xib */,
				BE8674D31A063CB100F94C58 /* Supporting Files */,
			);
			path = urlHandlerSwift;
			sourceTree = "<group>";
		};
		BE8674D31A063CB100F94C58 /* Supporting Files */ = {
			isa = PBXGroup;
			children = (
				BE8674D41A063CB100F94C58 /* Info.plist */,
			);
			name = "Supporting Files";
			sourceTree = "<group>";
		};
		BE8674E81A063CB200F94C58 /* urlHandlerSwiftTests */ = {
			isa = PBXGroup;
			children = (
				BE119B7E1A067E0500D0FAD8 /* SystemConfiguration.framework */,
				BE8674EB1A063CB200F94C58 /* urlHandlerSwiftTests.swift */,
				BE8674E91A063CB200F94C58 /* Supporting Files */,
			);
			path = urlHandlerSwiftTests;
			sourceTree = "<group>";
		};
		BE8674E91A063CB200F94C58 /* Supporting Files */ = {
			isa = PBXGroup;
			children = (
				BE8674EA1A063CB200F94C58 /* Info.plist */,
			);
			name = "Supporting Files";
			sourceTree = "<group>";
		};
/* End PBXGroup section */

/* Begin PBXNativeTarget section */
		BE8674CF1A063CB100F94C58 /* urlHandlerSwift */ = {
			isa = PBXNativeTarget;
			buildConfigurationList = BE8674EF1A063CB200F94C58 /* Build configuration list for PBXNativeTarget "urlHandlerSwift" */;
			buildPhases = (
				BE8674CC1A063CB100F94C58 /* Sources */,
				BE8674CD1A063CB100F94C58 /* Frameworks */,
				BE8674CE1A063CB100F94C58 /* Resources */,
			);
			buildRules = (
			);
			dependencies = (
			);
			name = urlHandlerSwift;
			productName = urlHandlerSwift;
			productReference = BE8674D01A063CB100F94C58 /* urlHandlerSwift.app */;
			productType = "com.apple.product-type.application";
		};
		BE8674E41A063CB200F94C58 /* urlHandlerSwiftTests */ = {
			isa = PBXNativeTarget;
			buildConfigurationList = BE8674F21A063CB200F94C58 /* Build configuration list for PBXNativeTarget "urlHandlerSwiftTests" */;
			buildPhases = (
				BE8674E11A063CB200F94C58 /* Sources */,
				BE8674E21A063CB200F94C58 /* Frameworks */,
				BE8674E31A063CB200F94C58 /* Resources */,
			);
			buildRules = (
			);
			dependencies = (
				BE8674E71A063CB200F94C58 /* PBXTargetDependency */,
			);
			name = urlHandlerSwiftTests;
			productName = urlHandlerSwiftTests;
			productReference = BE8674E51A063CB200F94C58 /* urlHandlerSwiftTests.xctest */;
			productType = "com.apple.product-type.bundle.unit-test";
		};
/* End PBXNativeTarget section */

/* Begin PBXProject section */
		BE8674C81A063CB100F94C58 /* Project object */ = {
			isa = PBXProject;
			attributes = {
				LastSwiftUpdateCheck = 0700;
				LastUpgradeCheck = 0720;
				ORGANIZATIONNAME = "Rahul Malik";
				TargetAttributes = {
					BE8674CF1A063CB100F94C58 = {
						CreatedOnToolsVersion = 6.1;
					};
					BE8674E41A063CB200F94C58 = {
						CreatedOnToolsVersion = 6.1;
						TestTargetID = BE8674CF1A063CB100F94C58;
					};
				};
			};
			buildConfigurationList = BE8674CB1A063CB100F94C58 /* Build configuration list for PBXProject "urlHandlerSwift" */;
			compatibilityVersion = "Xcode 3.2";
			developmentRegion = English;
			hasScannedForEncodings = 0;
			knownRegions = (
				en,
				Base,
			);
			mainGroup = BE8674C71A063CB100F94C58;
			productRefGroup = BE8674D11A063CB100F94C58 /* Products */;
			projectDirPath = "";
			projectRoot = "";
			targets = (
				BE8674CF1A063CB100F94C58 /* urlHandlerSwift */,
				BE8674E41A063CB200F94C58 /* urlHandlerSwiftTests */,
			);
		};
/* End PBXProject section */

/* Begin PBXResourcesBuildPhase section */
		BE8674CE1A063CB100F94C58 /* Resources */ = {
			isa = PBXResourcesBuildPhase;
			buildActionMask = 2147483647;
			files = (
				BE8674DB1A063CB100F94C58 /* Main.storyboard in Resources */,
				BE8674E01A063CB100F94C58 /* LaunchScreen.xib in Resources */,
				BE8674DD1A063CB100F94C58 /* Images.xcassets in Resources */,
			);
			runOnlyForDeploymentPostprocessing = 0;
		};
		BE8674E31A063CB200F94C58 /* Resources */ = {
			isa = PBXResourcesBuildPhase;
			buildActionMask = 2147483647;
			files = (
			);
			runOnlyForDeploymentPostprocessing = 0;
		};
/* End PBXResourcesBuildPhase section */

/* Begin PBXSourcesBuildPhase section */
		BE8674CC1A063CB100F94C58 /* Sources */ = {
			isa = PBXSourcesBuildPhase;
			buildActionMask = 2147483647;
			files = (
				BE8674F61A063CCF00F94C58 /* UrlHandler.swift in Sources */,
				BE8674D81A063CB100F94C58 /* ViewController.swift in Sources */,
				BE8674D61A063CB100F94C58 /* AppDelegate.swift in Sources */,
			);
			runOnlyForDeploymentPostprocessing = 0;
		};
		BE8674E11A063CB200F94C58 /* Sources */ = {
			isa = PBXSourcesBuildPhase;
			buildActionMask = 2147483647;
			files = (
				BE8674EC1A063CB200F94C58 /* urlHandlerSwiftTests.swift in Sources */,
			);
			runOnlyForDeploymentPostprocessing = 0;
		};
/* End PBXSourcesBuildPhase section */

/* Begin PBXTargetDependency section */
		BE8674E71A063CB200F94C58 /* PBXTargetDependency */ = {
			isa = PBXTargetDependency;
			target = BE8674CF1A063CB100F94C58 /* urlHandlerSwift */;
			targetProxy = BE8674E61A063CB200F94C58 /* PBXContainerItemProxy */;
		};
/* End PBXTargetDependency section */

/* Begin PBXVariantGroup section */
		BE8674D91A063CB100F94C58 /* Main.storyboard */ = {
			isa = PBXVariantGroup;
			children = (
				BE8674DA1A063CB100F94C58 /* Base */,
			);
			name = Main.storyboard;
			sourceTree = "<group>";
		};
		BE8674DE1A063CB100F94C58 /* LaunchScreen.xib */ = {
			isa = PBXVariantGroup;
			children = (
				BE8674DF1A063CB100F94C58 /* Base */,
			);
			name = LaunchScreen.xib;
			sourceTree = "<group>";
		};
/* End PBXVariantGroup section */

/* Begin XCBuildConfiguration section */
		BE8674ED1A063CB200F94C58 /* Debug */ = {
			isa = XCBuildConfiguration;
			buildSettings = {
				ALWAYS_SEARCH_USER_PATHS = NO;
				CLANG_CXX_LANGUAGE_STANDARD = "gnu++0x";
				CLANG_CXX_LIBRARY = "libc++";
				CLANG_ENABLE_MODULES = YES;
				CLANG_ENABLE_OBJC_ARC = YES;
				CLANG_WARN_BOOL_CONVERSION = YES;
				CLANG_WARN_CONSTANT_CONVERSION = YES;
				CLANG_WARN_DIRECT_OBJC_ISA_USAGE = YES_ERROR;
				CLANG_WARN_EMPTY_BODY = YES;
				CLANG_WARN_ENUM_CONVERSION = YES;
				CLANG_WARN_INT_CONVERSION = YES;
				CLANG_WARN_OBJC_ROOT_CLASS = YES_ERROR;
				CLANG_WARN_UNREACHABLE_CODE = YES;
				CLANG_WARN__DUPLICATE_METHOD_MATCH = YES;
				"CODE_SIGN_IDENTITY[sdk=iphoneos*]" = "iPhone Developer";
				COPY_PHASE_STRIP = NO;
				ENABLE_STRICT_OBJC_MSGSEND = YES;
				ENABLE_TESTABILITY = YES;
				GCC_C_LANGUAGE_STANDARD = gnu99;
				GCC_DYNAMIC_NO_PIC = NO;
				GCC_OPTIMIZATION_LEVEL = 0;
				GCC_PREPROCESSOR_DEFINITIONS = (
					"DEBUG=1",
					"$(inherited)",
				);
				GCC_SYMBOLS_PRIVATE_EXTERN = NO;
				GCC_WARN_64_TO_32_BIT_CONVERSION = YES;
				GCC_WARN_ABOUT_RETURN_TYPE = YES_ERROR;
				GCC_WARN_UNDECLARED_SELECTOR = YES;
				GCC_WARN_UNINITIALIZED_AUTOS = YES_AGGRESSIVE;
				GCC_WARN_UNUSED_FUNCTION = YES;
				GCC_WARN_UNUSED_VARIABLE = YES;
				IPHONEOS_DEPLOYMENT_TARGET = 8.1;
				MTL_ENABLE_DEBUG_INFO = YES;
				ONLY_ACTIVE_ARCH = YES;
				SDKROOT = iphoneos;
				SWIFT_OPTIMIZATION_LEVEL = "-Onone";
			};
			name = Debug;
		};
		BE8674EE1A063CB200F94C58 /* Release */ = {
			isa = XCBuildConfiguration;
			buildSettings = {
				ALWAYS_SEARCH_USER_PATHS = NO;
				CLANG_CXX_LANGUAGE_STANDARD = "gnu++0x";
				CLANG_CXX_LIBRARY = "libc++";
				CLANG_ENABLE_MODULES = YES;
				CLANG_ENABLE_OBJC_ARC = YES;
				CLANG_WARN_BOOL_CONVERSION = YES;
				CLANG_WARN_CONSTANT_CONVERSION = YES;
				CLANG_WARN_DIRECT_OBJC_ISA_USAGE = YES_ERROR;
				CLANG_WARN_EMPTY_BODY = YES;
				CLANG_WARN_ENUM_CONVERSION = YES;
				CLANG_WARN_INT_CONVERSION = YES;
				CLANG_WARN_OBJC_ROOT_CLASS = YES_ERROR;
				CLANG_WARN_UNREACHABLE_CODE = YES;
				CLANG_WARN__DUPLICATE_METHOD_MATCH = YES;
				"CODE_SIGN_IDENTITY[sdk=iphoneos*]" = "iPhone Developer";
				COPY_PHASE_STRIP = YES;
				ENABLE_NS_ASSERTIONS = NO;
				ENABLE_STRICT_OBJC_MSGSEND = YES;
				GCC_C_LANGUAGE_STANDARD = gnu99;
				GCC_WARN_64_TO_32_BIT_CONVERSION = YES;
				GCC_WARN_ABOUT_RETURN_TYPE = YES_ERROR;
				GCC_WARN_UNDECLARED_SELECTOR = YES;
				GCC_WARN_UNINITIALIZED_AUTOS = YES_AGGRESSIVE;
				GCC_WARN_UNUSED_FUNCTION = YES;
				GCC_WARN_UNUSED_VARIABLE = YES;
				IPHONEOS_DEPLOYMENT_TARGET = 8.1;
				MTL_ENABLE_DEBUG_INFO = NO;
				SDKROOT = iphoneos;
				VALIDATE_PRODUCT = YES;
			};
			name = Release;
		};
		BE8674F01A063CB200F94C58 /* Debug */ = {
			isa = XCBuildConfiguration;
			buildSettings = {
				ASSETCATALOG_COMPILER_APPICON_NAME = AppIcon;
				INFOPLIST_FILE = urlHandlerSwift/Info.plist;
				LD_RUNPATH_SEARCH_PATHS = "$(inherited) @executable_path/Frameworks";
				PRODUCT_BUNDLE_IDENTIFIER = "aceenvisage.com.$(PRODUCT_NAME:rfc1034identifier)";
				PRODUCT_NAME = "$(TARGET_NAME)";
			};
			name = Debug;
		};
		BE8674F11A063CB200F94C58 /* Release */ = {
			isa = XCBuildConfiguration;
			buildSettings = {
				ASSETCATALOG_COMPILER_APPICON_NAME = AppIcon;
				INFOPLIST_FILE = urlHandlerSwift/Info.plist;
				LD_RUNPATH_SEARCH_PATHS = "$(inherited) @executable_path/Frameworks";
				PRODUCT_BUNDLE_IDENTIFIER = "aceenvisage.com.$(PRODUCT_NAME:rfc1034identifier)";
				PRODUCT_NAME = "$(TARGET_NAME)";
			};
			name = Release;
		};
		BE8674F31A063CB200F94C58 /* Debug */ = {
			isa = XCBuildConfiguration;
			buildSettings = {
				BUNDLE_LOADER = "$(TEST_HOST)";
				FRAMEWORK_SEARCH_PATHS = (
					"$(SDKROOT)/Developer/Library/Frameworks",
					"$(inherited)",
				);
				GCC_PREPROCESSOR_DEFINITIONS = (
					"DEBUG=1",
					"$(inherited)",
				);
				INFOPLIST_FILE = urlHandlerSwiftTests/Info.plist;
				LD_RUNPATH_SEARCH_PATHS = "$(inherited) @executable_path/Frameworks @loader_path/Frameworks";
				PRODUCT_BUNDLE_IDENTIFIER = "aceenvisage.com.$(PRODUCT_NAME:rfc1034identifier)";
				PRODUCT_NAME = "$(TARGET_NAME)";
				TEST_HOST = "$(BUILT_PRODUCTS_DIR)/urlHandlerSwift.app/urlHandlerSwift";
			};
			name = Debug;
		};
		BE8674F41A063CB200F94C58 /* Release */ = {
			isa = XCBuildConfiguration;
			buildSettings = {
				BUNDLE_LOADER = "$(TEST_HOST)";
				FRAMEWORK_SEARCH_PATHS = (
					"$(SDKROOT)/Developer/Library/Frameworks",
					"$(inherited)",
				);
				INFOPLIST_FILE = urlHandlerSwiftTests/Info.plist;
				LD_RUNPATH_SEARCH_PATHS = "$(inherited) @executable_path/Frameworks @loader_path/Frameworks";
				PRODUCT_BUNDLE_IDENTIFIER = "aceenvisage.com.$(PRODUCT_NAME:rfc1034identifier)";
				PRODUCT_NAME = "$(TARGET_NAME)";
				TEST_HOST = "$(BUILT_PRODUCTS_DIR)/urlHandlerSwift.app/urlHandlerSwift";
			};
			name = Release;
		};
/* End XCBuildConfiguration section */

/* Begin XCConfigurationList section */
		BE8674CB1A063CB100F94C58 /* Build configuration list for PBXProject "urlHandlerSwift" */ = {
			isa = XCConfigurationList;
			buildConfigurations = (
				BE8674ED1A063CB200F94C58 /* Debug */,
				BE8674EE1A063CB200F94C58 /* Release */,
			);
			defaultConfigurationIsVisible = 0;
			defaultConfigurationName = Release;
		};
		BE8674EF1A063CB200F94C58 /* Build configuration list for PBXNativeTarget "urlHandlerSwift" */ = {
			isa = XCConfigurationList;
			buildConfigurations = (
				BE8674F01A063CB200F94C58 /* Debug */,
				BE8674F11A063CB200F94C58 /* Release */,
			);
			defaultConfigurationIsVisible = 0;
			defaultConfigurationName = Release;
		};
		BE8674F21A063CB200F94C58 /* Build configuration list for PBXNativeTarget "urlHandlerSwiftTests" */ = {
			isa = XCConfigurationList;
			buildConfigurations = (
				BE8674F31A063CB200F94C58 /* Debug */,
				BE8674F41A063CB200F94C58 /* Release */,
			);
			defaultConfigurationIsVisible = 0;
			defaultConfigurationName = Release;
		};
/* End XCConfigurationList section */
	};
	rootObject = BE8674C81A063CB100F94C58 /* Project object */;
}
